{
  "name": "programmersguide-ic-wiki",
  "version": "1.0.0",
  "lockfileVersion": 1,
  "requires": true,
  "dependencies": {
    "tiddlyserver": {
      "version": "2.2.0-alpha-7",
      "resolved": "https://registry.npmjs.org/tiddlyserver/-/tiddlyserver-2.2.0-alpha-7.tgz",
      "integrity": "sha512-N8n+SfPfzm22cDaWCOq12BeJ22tAl2cO9itgO1yd8dN/gEcFdfUBheX2zFmmXVgnFFozi8hyYQW0hjzjkbIhDA==",
      "requires": {
        "tiddlywiki-production-client": "5.1.22",
        "tiddlywiki-production-server": "5.1.22"
      },
      "dependencies": {
        "tiddlywiki-production-client": {
          "version": "5.1.22",
          "resolved": "https://registry.npmjs.org/tiddlywiki-production-client/-/tiddlywiki-production-client-5.1.22.tgz",
          "integrity": "sha512-KRbbQAk4NmGh1gr/X4sGBxJCxCG1TUlRDV7TCMSGK9CEPnLhmKpgrRYqECmhRw2uUvu8YhQ72FKF76B9W/CIcg=="
        },
        "tiddlywiki-production-server": {
          "version": "5.1.22",
          "resolved": "https://registry.npmjs.org/tiddlywiki-production-server/-/tiddlywiki-production-server-5.1.22.tgz",
          "integrity": "sha512-4It2aL5J35SEGzcpXEH8VYO/jgl4kCeFpqHdAzJw1LkL8PuTdu/QVLVyvrwIbq3rf+einsyhmSaNkXlQHQLe+g=="
        }
      }
    },
    "tiddlywiki": {
      "version": "5.1.22",
      "resolved": "https://registry.npmjs.org/tiddlywiki/-/tiddlywiki-5.1.22.tgz",
      "integrity": "sha512-Iav0iC9SnwN6HTYGRfEI7kYDoq+hlKr9fw9o8aTs0wxMp0UzqlvthGwlK1JwrdVIRL92no1lpVGhQQj16ncSQQ=="
    }
  }
}
